
Microsoft Visual Studio Solution File, Format Version 12.00
# Visual Studio Version 17
VisualStudioVersion = 17.10.34928.147
MinimumVisualStudioVersion = 10.0.40219.1
Project("{9A19103F-16F7-4668-BE54-9A1E7A4F7556}") = "TradeServiceTest", "TradeServiceTest\TradeServiceTest.csproj", "{7122D532-BE21-45BB-87AF-458D87947BA0}"
EndProject
Project("{9A19103F-16F7-4668-BE54-9A1E7A4F7556}") = "TradeServiceConsole", "TradeServiceConsole\TradeServiceConsole.csproj", "{48A948EF-5CE5-43A9-868D-7D3E0821276F}"
EndProject
Project("{9A19103F-16F7-4668-BE54-9A1E7A4F7556}") = "TradeServiceLibrary", "TradeServiceLibrary\TradeServiceLibrary.csproj", "{0E7DE98F-8E11-402D-8A5C-E594B71BC45B}"
EndProject
Global
	GlobalSection(SolutionConfigurationPlatforms) = preSolution
		Debug|Any CPU = Debug|Any CPU
		Release|Any CPU = Release|Any CPU
	EndGlobalSection
	GlobalSection(ProjectConfigurationPlatforms) = postSolution
		{7122D532-BE21-45BB-87AF-458D87947BA0}.Debug|Any CPU.ActiveCfg = Debug|Any CPU
		{7122D532-BE21-45BB-87AF-458D87947BA0}.Debug|Any CPU.Build.0 = Debug|Any CPU
		{7122D532-BE21-45BB-87AF-458D87947BA0}.Release|Any CPU.ActiveCfg = Release|Any CPU
		{7122D532-BE21-45BB-87AF-458D87947BA0}.Release|Any CPU.Build.0 = Release|Any CPU
		{48A948EF-5CE5-43A9-868D-7D3E0821276F}.Debug|Any CPU.ActiveCfg = Debug|Any CPU
		{48A948EF-5CE5-43A9-868D-7D3E0821276F}.Debug|Any CPU.Build.0 = Debug|Any CPU
		{48A948EF-5CE5-43A9-868D-7D3E0821276F}.Release|Any CPU.ActiveCfg = Release|Any CPU
		{48A948EF-5CE5-43A9-868D-7D3E0821276F}.Release|Any CPU.Build.0 = Release|Any CPU
		{0E7DE98F-8E11-402D-8A5C-E594B71BC45B}.Debug|Any CPU.ActiveCfg = Debug|Any CPU
		{0E7DE98F-8E11-402D-8A5C-E594B71BC45B}.Debug|Any CPU.Build.0 = Debug|Any CPU
		{0E7DE98F-8E11-402D-8A5C-E594B71BC45B}.Release|Any CPU.ActiveCfg = Release|Any CPU
		{0E7DE98F-8E11-402D-8A5C-E594B71BC45B}.Release|Any CPU.Build.0 = Release|Any CPU
	EndGlobalSection
	GlobalSection(SolutionProperties) = preSolution
		HideSolutionNode = FALSE
	EndGlobalSection
	GlobalSection(ExtensibilityGlobals) = postSolution
		SolutionGuid = {529516B5-E408-42DB-BE57-AE96162D822F}
	EndGlobalSection
EndGlobal
